
Microsoft Visual Studio Solution File, Format Version 12.00
# Visual Studio Version 17
VisualStudioVersion = 17.0.32112.339
MinimumVisualStudioVersion = 10.0.40219.1
Project("{FAE04EC0-301F-11D3-BF4B-00C04F79EFBC}") = "HarfBuzz.Wpf", "HarfBuzz.Wpf\HarfBuzz.Wpf.csproj", "{9870EBA2-7EF6-4337-A367-2B14A36E6DCB}"
EndProject
Global
	GlobalSection(SolutionConfigurationPlatforms) = preSolution
		Debug|Any CPU = Debug|Any CPU
		Release|Any CPU = Release|Any CPU
	EndGlobalSection
	GlobalSection(ProjectConfigurationPlatforms) = postSolution
		{9870EBA2-7EF6-4337-A367-2B14A36E6DCB}.Debug|Any CPU.ActiveCfg = Debug|Any CPU
		{9870EBA2-7EF6-4337-A367-2B14A36E6DCB}.Debug|Any CPU.Build.0 = Debug|Any CPU
		{9870EBA2-7EF6-4337-A367-2B14A36E6DCB}.Release|Any CPU.ActiveCfg = Release|Any CPU
		{9870EBA2-7EF6-4337-A367-2B14A36E6DCB}.Release|Any CPU.Build.0 = Release|Any CPU
	EndGlobalSection
	GlobalSection(SolutionProperties) = preSolution
		HideSolutionNode = FALSE
	EndGlobalSection
	GlobalSection(ExtensibilityGlobals) = postSolution
		SolutionGuid = {9C66B7DF-6CD9-48E0-ABD9-E1F138E8258B}
	EndGlobalSection
EndGlobal
